{
  "name": "emm-healthcheck",
  "version": "0.0.1",
  "lockfileVersion": 2,
  "requires": true,
  "packages": {
    "": {
      "name": "emm-healthcheck",
      "version": "0.0.1",
      "dependencies": {
        "@middy/core": "^3.1.0",
        "@middy/error-logger": "^3.1.0",
        "@middy/http-error-handler": "^3.1.0",
        "@middy/http-router": "^3.1.0"
      }
    },
    "node_modules/@middy/core": {
      "version": "3.1.0",
      "resolved": "https://registry.npmjs.org/@middy/core/-/core-3.1.0.tgz",
      "integrity": "sha512-JhUIFi8zMjcMEk5VeZwU8vJKaaikrB2fnZKAZfrCKYhkXWaFtV6S6szP6q+jvOR/0Jq9RgsLTIou8/gGMJwc5w==",
      "engines": {
        "node": ">=14"
      }
    },
    "node_modules/@middy/error-logger": {
      "version": "3.1.0",
      "resolved": "https://registry.npmjs.org/@middy/error-logger/-/error-logger-3.1.0.tgz",
      "integrity": "sha512-lBriI4yQvitEdAprw1YEt/5uiEcqtZI7M6c07g/pA5IDGI9WMg5k/U1Vkom8jAO+N6+kci67YUdZa9pYZXwgdw==",
      "engines": {
        "node": ">=14"
      }
    },
    "node_modules/@middy/http-error-handler": {
      "version": "3.1.0",
      "resolved": "https://registry.npmjs.org/@middy/http-error-handler/-/http-error-handler-3.1.0.tgz",
      "integrity": "sha512-AY4R8dsCTJCOZ+v0/5qW13vzOlyVJfJ5AlZoe2vSFOI//kPsBAcxo4OLPs6hID9+98nd7Ug67ZIvCfru1VN6ng==",
      "dependencies": {
        "@middy/util": "3.1.0"
      },
      "engines": {
        "node": ">=14"
      }
    },
    "node_modules/@middy/http-router": {
      "version": "3.1.0",
      "resolved": "https://registry.npmjs.org/@middy/http-router/-/http-router-3.1.0.tgz",
      "integrity": "sha512-S8CIAfF8WeRfr2Ec9euT1eN+HdVTZWVctPRmOXZRNuES19lVPGMP+HBIyT/uA62DdWb9tke6dCXUC2XDZHExSA==",
      "dependencies": {
        "@middy/util": "3.1.0"
      },
      "engines": {
        "node": ">=14"
      }
    },
    "node_modules/@middy/util": {
      "version": "3.1.0",
      "resolved": "https://registry.npmjs.org/@middy/util/-/util-3.1.0.tgz",
      "integrity": "sha512-cexFyBQIG0j71pjaknFcJYtjctoxxAvwVAAEjA2ySNIwKlk1BiJo0IRLf0k4grbRoqYjXQ8SLLa8I0M1kS6UEw==",
      "engines": {
        "node": ">=14"
      }
    }
  },
  "dependencies": {
    "@middy/core": {
      "version": "3.1.0",
      "resolved": "https://registry.npmjs.org/@middy/core/-/core-3.1.0.tgz",
      "integrity": "sha512-JhUIFi8zMjcMEk5VeZwU8vJKaaikrB2fnZKAZfrCKYhkXWaFtV6S6szP6q+jvOR/0Jq9RgsLTIou8/gGMJwc5w=="
    },
    "@middy/error-logger": {
      "version": "3.1.0",
      "resolved": "https://registry.npmjs.org/@middy/error-logger/-/error-logger-3.1.0.tgz",
      "integrity": "sha512-lBriI4yQvitEdAprw1YEt/5uiEcqtZI7M6c07g/pA5IDGI9WMg5k/U1Vkom8jAO+N6+kci67YUdZa9pYZXwgdw=="
    },
    "@middy/http-error-handler": {
      "version": "3.1.0",
      "resolved": "https://registry.npmjs.org/@middy/http-error-handler/-/http-error-handler-3.1.0.tgz",
      "integrity": "sha512-AY4R8dsCTJCOZ+v0/5qW13vzOlyVJfJ5AlZoe2vSFOI//kPsBAcxo4OLPs6hID9+98nd7Ug67ZIvCfru1VN6ng==",
      "requires": {
        "@middy/util": "3.1.0"
      }
    },
    "@middy/http-router": {
      "version": "3.1.0",
      "resolved": "https://registry.npmjs.org/@middy/http-router/-/http-router-3.1.0.tgz",
      "integrity": "sha512-S8CIAfF8WeRfr2Ec9euT1eN+HdVTZWVctPRmOXZRNuES19lVPGMP+HBIyT/uA62DdWb9tke6dCXUC2XDZHExSA==",
      "requires": {
        "@middy/util": "3.1.0"
      }
    },
    "@middy/util": {
      "version": "3.1.0",
      "resolved": "https://registry.npmjs.org/@middy/util/-/util-3.1.0.tgz",
      "integrity": "sha512-cexFyBQIG0j71pjaknFcJYtjctoxxAvwVAAEjA2ySNIwKlk1BiJo0IRLf0k4grbRoqYjXQ8SLLa8I0M1kS6UEw=="
    }
  }
}
